// !$*UTF8*$!
{
	archiveVersion = 1;
	classes = {
	};
	objectVersion = 46;
	objects = {

/* Begin PBXBuildFile section */
		073098A81A04FDC200043E2E /* main.m in Sources */ = {isa = PBXBuildFile; fileRef = 073098A71A04FDC200043E2E /* main.m */; };
		073098AB1A04FDC200043E2E /* AppDelegate.m in Sources */ = {isa = PBXBuildFile; fileRef = 073098AA1A04FDC200043E2E /* AppDelegate.m */; };
		073098B41A04FDC200043E2E /* Main.storyboard in Resources */ = {isa = PBXBuildFile; fileRef = 073098B21A04FDC200043E2E /* Main.storyboard */; };
		073098B61A04FDC200043E2E /* Images.xcassets in Resources */ = {isa = PBXBuildFile; fileRef = 073098B51A04FDC200043E2E /* Images.xcassets */; };
		073098B91A04FDC200043E2E /* LaunchScreen.xib in Resources */ = {isa = PBXBuildFile; fileRef = 073098B71A04FDC200043E2E /* LaunchScreen.xib */; };
		073098C51A04FDC300043E2E /* KMLZTests.m in Sources */ = {isa = PBXBuildFile; fileRef = 073098C41A04FDC300043E2E /* KMLZTests.m */; };
		073098D71A0504EF00043E2E /* KMLZzw.m in Sources */ = {isa = PBXBuildFile; fileRef = 073098D61A0504EF00043E2E /* KMLZzw.m */; };
		073098DA1A05053700043E2E /* KMLZzwk.m in Sources */ = {isa = PBXBuildFile; fileRef = 073098D91A05053700043E2E /* KMLZzwk.m */; };
		073099131A05363600043E2E /* zwViewController.m in Sources */ = {isa = PBXBuildFile; fileRef = 073099121A05363600043E2E /* zwViewController.m */; };
		073099191A05C98000043E2E /* KMLZzwz.m in Sources */ = {isa = PBXBuildFile; fileRef = 073099181A05C98000043E2E /* KMLZzwz.m */; };
		0730991C1A05CE5800043E2E /* KMLZTableViewController.m in Sources */ = {isa = PBXBuildFile; fileRef = 0730991B1A05CE5800043E2E /* KMLZTableViewController.m */; };
		0730991F1A05CF8800043E2E /* zTableViewController.m in Sources */ = {isa = PBXBuildFile; fileRef = 0730991E1A05CF8800043E2E /* zTableViewController.m */; };
		073099221A05D0BB00043E2E /* kTableViewController.m in Sources */ = {isa = PBXBuildFile; fileRef = 073099211A05D0BB00043E2E /* kTableViewController.m */; };
		073099251A05D13800043E2E /* KMLZzwm.m in Sources */ = {isa = PBXBuildFile; fileRef = 073099241A05D13800043E2E /* KMLZzwm.m */; };
		073099281A05D37C00043E2E /* mTableViewController.m in Sources */ = {isa = PBXBuildFile; fileRef = 073099271A05D37C00043E2E /* mTableViewController.m */; };
		0730992B1A05D54B00043E2E /* KMLZzwl.m in Sources */ = {isa = PBXBuildFile; fileRef = 0730992A1A05D54B00043E2E /* KMLZzwl.m */; };
		0730992E1A05D8DD00043E2E /* lTableViewController.m in Sources */ = {isa = PBXBuildFile; fileRef = 0730992D1A05D8DD00043E2E /* lTableViewController.m */; };
		07E5B0D91A0E07E4009E105F /* kmlzTableViewCell.m in Sources */ = {isa = PBXBuildFile; fileRef = 07E5B0D81A0E07E4009E105F /* kmlzTableViewCell.m */; };
		07E5B0DD1A0FB072009E105F /* settingViewController.m in Sources */ = {isa = PBXBuildFile; fileRef = 07E5B0DB1A0FB072009E105F /* settingViewController.m */; };
		07E5B0DE1A0FB072009E105F /* settingViewController.xib in Resources */ = {isa = PBXBuildFile; fileRef = 07E5B0DC1A0FB072009E105F /* settingViewController.xib */; };
/* End PBXBuildFile section */

/* Begin PBXContainerItemProxy section */
		073098BF1A04FDC300043E2E /* PBXContainerItemProxy */ = {
			isa = PBXContainerItemProxy;
			containerPortal = 0730989A1A04FDC200043E2E /* Project object */;
			proxyType = 1;
			remoteGlobalIDString = 073098A11A04FDC200043E2E;
			remoteInfo = KMLZ;
		};
/* End PBXContainerItemProxy section */

/* Begin PBXFileReference section */
		073098A21A04FDC200043E2E /* KMLZ.app */ = {isa = PBXFileReference; explicitFileType = wrapper.application; includeInIndex = 0; path = KMLZ.app; sourceTree = BUILT_PRODUCTS_DIR; };
		073098A61A04FDC200043E2E /* Info.plist */ = {isa = PBXFileReference; lastKnownFileType = text.plist.xml; path = Info.plist; sourceTree = "<group>"; };
		073098A71A04FDC200043E2E /* main.m */ = {isa = PBXFileReference; lastKnownFileType = sourcecode.c.objc; path = main.m; sourceTree = "<group>"; };
		073098A91A04FDC200043E2E /* AppDelegate.h */ = {isa = PBXFileReference; lastKnownFileType = sourcecode.c.h; path = AppDelegate.h; sourceTree = "<group>"; };
		073098AA1A04FDC200043E2E /* AppDelegate.m */ = {isa = PBXFileReference; lastKnownFileType = sourcecode.c.objc; path = AppDelegate.m; sourceTree = "<group>"; };
		073098B31A04FDC200043E2E /* Base */ = {isa = PBXFileReference; lastKnownFileType = file.storyboard; name = Base; path = Base.lproj/Main.storyboard; sourceTree = "<group>"; };
		073098B51A04FDC200043E2E /* Images.xcassets */ = {isa = PBXFileReference; lastKnownFileType = folder.assetcatalog; path = Images.xcassets; sourceTree = "<group>"; };
		073098B81A04FDC200043E2E /* Base */ = {isa = PBXFileReference; lastKnownFileType = file.xib; name = Base; path = Base.lproj/LaunchScreen.xib; sourceTree = "<group>"; };
		073098BE1A04FDC300043E2E /* KMLZTests.xctest */ = {isa = PBXFileReference; explicitFileType = wrapper.cfbundle; includeInIndex = 0; path = KMLZTests.xctest; sourceTree = BUILT_PRODUCTS_DIR; };
		073098C31A04FDC300043E2E /* Info.plist */ = {isa = PBXFileReference; lastKnownFileType = text.plist.xml; path = Info.plist; sourceTree = "<group>"; };
		073098C41A04FDC300043E2E /* KMLZTests.m */ = {isa = PBXFileReference; lastKnownFileType = sourcecode.c.objc; path = KMLZTests.m; sourceTree = "<group>"; };
		073098D51A0504EF00043E2E /* KMLZzw.h */ = {isa = PBXFileReference; fileEncoding = 4; lastKnownFileType = sourcecode.c.h; path = KMLZzw.h; sourceTree = "<group>"; };
		073098D61A0504EF00043E2E /* KMLZzw.m */ = {isa = PBXFileReference; fileEncoding = 4; lastKnownFileType = sourcecode.c.objc; path = KMLZzw.m; sourceTree = "<group>"; };
		073098D81A05053700043E2E /* KMLZzwk.h */ = {isa = PBXFileReference; fileEncoding = 4; lastKnownFileType = sourcecode.c.h; path = KMLZzwk.h; sourceTree = "<group>"; };
		073098D91A05053700043E2E /* KMLZzwk.m */ = {isa = PBXFileReference; fileEncoding = 4; lastKnownFileType = sourcecode.c.objc; path = KMLZzwk.m; sourceTree = "<group>"; };
		073099111A05363600043E2E /* zwViewController.h */ = {isa = PBXFileReference; fileEncoding = 4; lastKnownFileType = sourcecode.c.h; path = zwViewController.h; sourceTree = "<group>"; };
		073099121A05363600043E2E /* zwViewController.m */ = {isa = PBXFileReference; fileEncoding = 4; lastKnownFileType = sourcecode.c.objc; path = zwViewController.m; sourceTree = "<group>"; };
		073099171A05C98000043E2E /* KMLZzwz.h */ = {isa = PBXFileReference; fileEncoding = 4; lastKnownFileType = sourcecode.c.h; path = KMLZzwz.h; sourceTree = "<group>"; };
		073099181A05C98000043E2E /* KMLZzwz.m */ = {isa = PBXFileReference; fileEncoding = 4; lastKnownFileType = sourcecode.c.objc; path = KMLZzwz.m; sourceTree = "<group>"; };
		0730991A1A05CE5800043E2E /* KMLZTableViewController.h */ = {isa = PBXFileReference; fileEncoding = 4; lastKnownFileType = sourcecode.c.h; path = KMLZTableViewController.h; sourceTree = "<group>"; };
		0730991B1A05CE5800043E2E /* KMLZTableViewController.m */ = {isa = PBXFileReference; fileEncoding = 4; lastKnownFileType = sourcecode.c.objc; path = KMLZTableViewController.m; sourceTree = "<group>"; };
		0730991D1A05CF8800043E2E /* zTableViewController.h */ = {isa = PBXFileReference; fileEncoding = 4; lastKnownFileType = sourcecode.c.h; path = zTableViewController.h; sourceTree = "<group>"; };
		0730991E1A05CF8800043E2E /* zTableViewController.m */ = {isa = PBXFileReference; fileEncoding = 4; lastKnownFileType = sourcecode.c.objc; path = zTableViewController.m; sourceTree = "<group>"; };
		073099201A05D0BB00043E2E /* kTableViewController.h */ = {isa = PBXFileReference; fileEncoding = 4; lastKnownFileType = sourcecode.c.h; path = kTableViewController.h; sourceTree = "<group>"; };
		073099211A05D0BB00043E2E /* kTableViewController.m */ = {isa = PBXFileReference; fileEncoding = 4; lastKnownFileType = sourcecode.c.objc; path = kTableViewController.m; sourceTree = "<group>"; };
		073099231A05D13800043E2E /* KMLZzwm.h */ = {isa = PBXFileReference; fileEncoding = 4; lastKnownFileType = sourcecode.c.h; path = KMLZzwm.h; sourceTree = "<group>"; };
		073099241A05D13800043E2E /* KMLZzwm.m */ = {isa = PBXFileReference; fileEncoding = 4; lastKnownFileType = sourcecode.c.objc; path = KMLZzwm.m; sourceTree = "<group>"; };
		073099261A05D37C00043E2E /* mTableViewController.h */ = {isa = PBXFileReference; fileEncoding = 4; lastKnownFileType = sourcecode.c.h; path = mTableViewController.h; sourceTree = "<group>"; };
		073099271A05D37C00043E2E /* mTableViewController.m */ = {isa = PBXFileReference; fileEncoding = 4; lastKnownFileType = sourcecode.c.objc; path = mTableViewController.m; sourceTree = "<group>"; };
		073099291A05D54B00043E2E /* KMLZzwl.h */ = {isa = PBXFileReference; fileEncoding = 4; lastKnownFileType = sourcecode.c.h; path = KMLZzwl.h; sourceTree = "<group>"; };
		0730992A1A05D54B00043E2E /* KMLZzwl.m */ = {isa = PBXFileReference; fileEncoding = 4; lastKnownFileType = sourcecode.c.objc; path = KMLZzwl.m; sourceTree = "<group>"; };
		0730992C1A05D8DD00043E2E /* lTableViewController.h */ = {isa = PBXFileReference; fileEncoding = 4; lastKnownFileType = sourcecode.c.h; path = lTableViewController.h; sourceTree = "<group>"; };
		0730992D1A05D8DD00043E2E /* lTableViewController.m */ = {isa = PBXFileReference; fileEncoding = 4; lastKnownFileType = sourcecode.c.objc; path = lTableViewController.m; sourceTree = "<group>"; };
		07E5B0D71A0E07E4009E105F /* kmlzTableViewCell.h */ = {isa = PBXFileReference; fileEncoding = 4; lastKnownFileType = sourcecode.c.h; path = kmlzTableViewCell.h; sourceTree = "<group>"; };
		07E5B0D81A0E07E4009E105F /* kmlzTableViewCell.m */ = {isa = PBXFileReference; fileEncoding = 4; lastKnownFileType = sourcecode.c.objc; path = kmlzTableViewCell.m; sourceTree = "<group>"; };
		07E5B0DA1A0FB072009E105F /* settingViewController.h */ = {isa = PBXFileReference; fileEncoding = 4; lastKnownFileType = sourcecode.c.h; path = settingViewController.h; sourceTree = "<group>"; };
		07E5B0DB1A0FB072009E105F /* settingViewController.m */ = {isa = PBXFileReference; fileEncoding = 4; lastKnownFileType = sourcecode.c.objc; path = settingViewController.m; sourceTree = "<group>"; };
		07E5B0DC1A0FB072009E105F /* settingViewController.xib */ = {isa = PBXFileReference; fileEncoding = 4; lastKnownFileType = file.xib; path = settingViewController.xib; sourceTree = "<group>"; };
/* End PBXFileReference section */

/* Begin PBXFrameworksBuildPhase section */
		0730989F1A04FDC200043E2E /* Frameworks */ = {
			isa = PBXFrameworksBuildPhase;
			buildActionMask = 2147483647;
			files = (
			);
			runOnlyForDeploymentPostprocessing = 0;
		};
		073098BB1A04FDC300043E2E /* Frameworks */ = {
			isa = PBXFrameworksBuildPhase;
			buildActionMask = 2147483647;
			files = (
			);
			runOnlyForDeploymentPostprocessing = 0;
		};
/* End PBXFrameworksBuildPhase section */

/* Begin PBXGroup section */
		073098991A04FDC200043E2E = {
			isa = PBXGroup;
			children = (
				073098CE1A0500FB00043E2E /* Model */,
				073098A41A04FDC200043E2E /* Controller */,
				073098C11A04FDC300043E2E /* KMLZTests */,
				073098A31A04FDC200043E2E /* Products */,
			);
			sourceTree = "<group>";
		};
		073098A31A04FDC200043E2E /* Products */ = {
			isa = PBXGroup;
			children = (
				073098A21A04FDC200043E2E /* KMLZ.app */,
				073098BE1A04FDC300043E2E /* KMLZTests.xctest */,
			);
			name = Products;
			sourceTree = "<group>";
		};
		073098A41A04FDC200043E2E /* Controller */ = {
			isa = PBXGroup;
			children = (
				07E5B0E01A0FC03D009E105F /* Fantastic4 */,
				07E5B0DF1A0FC00D009E105F /* KMLZ */,
				073098A91A04FDC200043E2E /* AppDelegate.h */,
				073098AA1A04FDC200043E2E /* AppDelegate.m */,
				073098B21A04FDC200043E2E /* Main.storyboard */,
				073098B51A04FDC200043E2E /* Images.xcassets */,
				073098B71A04FDC200043E2E /* LaunchScreen.xib */,
				073098A51A04FDC200043E2E /* Supporting Files */,
			);
			name = Controller;
			path = KMLZ;
			sourceTree = "<group>";
		};
		073098A51A04FDC200043E2E /* Supporting Files */ = {
			isa = PBXGroup;
			children = (
				073098A61A04FDC200043E2E /* Info.plist */,
				073098A71A04FDC200043E2E /* main.m */,
			);
			name = "Supporting Files";
			sourceTree = "<group>";
		};
		073098C11A04FDC300043E2E /* KMLZTests */ = {
			isa = PBXGroup;
			children = (
				073098C41A04FDC300043E2E /* KMLZTests.m */,
				073098C21A04FDC300043E2E /* Supporting Files */,
			);
			path = KMLZTests;
			sourceTree = "<group>";
		};
		073098C21A04FDC300043E2E /* Supporting Files */ = {
			isa = PBXGroup;
			children = (
				073098C31A04FDC300043E2E /* Info.plist */,
			);
			name = "Supporting Files";
			sourceTree = "<group>";
		};
		073098CE1A0500FB00043E2E /* Model */ = {
			isa = PBXGroup;
			children = (
				073098D51A0504EF00043E2E /* KMLZzw.h */,
				073098D81A05053700043E2E /* KMLZzwk.h */,
				073098D91A05053700043E2E /* KMLZzwk.m */,
				073099231A05D13800043E2E /* KMLZzwm.h */,
				073099291A05D54B00043E2E /* KMLZzwl.h */,
				0730992A1A05D54B00043E2E /* KMLZzwl.m */,
				073099241A05D13800043E2E /* KMLZzwm.m */,
				073099171A05C98000043E2E /* KMLZzwz.h */,
				073099181A05C98000043E2E /* KMLZzwz.m */,
				073098D61A0504EF00043E2E /* KMLZzw.m */,
			);
			name = Model;
			path = KMLZ;
			sourceTree = "<group>";
		};
		07E5B0DF1A0FC00D009E105F /* KMLZ */ = {
			isa = PBXGroup;
			children = (
				07E5B0D71A0E07E4009E105F /* kmlzTableViewCell.h */,
				07E5B0D81A0E07E4009E105F /* kmlzTableViewCell.m */,
				0730991A1A05CE5800043E2E /* KMLZTableViewController.h */,
				0730991B1A05CE5800043E2E /* KMLZTableViewController.m */,
				073099111A05363600043E2E /* zwViewController.h */,
				073099121A05363600043E2E /* zwViewController.m */,
				07E5B0DA1A0FB072009E105F /* settingViewController.h */,
				07E5B0DB1A0FB072009E105F /* settingViewController.m */,
				07E5B0DC1A0FB072009E105F /* settingViewController.xib */,
			);
			name = KMLZ;
			sourceTree = "<group>";
		};
		07E5B0E01A0FC03D009E105F /* Fantastic4 */ = {
			isa = PBXGroup;
			children = (
				073099201A05D0BB00043E2E /* kTableViewController.h */,
				0730992C1A05D8DD00043E2E /* lTableViewController.h */,
				0730992D1A05D8DD00043E2E /* lTableViewController.m */,
				073099211A05D0BB00043E2E /* kTableViewController.m */,
				073099261A05D37C00043E2E /* mTableViewController.h */,
				073099271A05D37C00043E2E /* mTableViewController.m */,
				0730991D1A05CF8800043E2E /* zTableViewController.h */,
				0730991E1A05CF8800043E2E /* zTableViewController.m */,
			);
			name = Fantastic4;
			sourceTree = "<group>";
		};
/* End PBXGroup section */

/* Begin PBXNativeTarget section */
		073098A11A04FDC200043E2E /* KMLZ */ = {
			isa = PBXNativeTarget;
			buildConfigurationList = 073098C81A04FDC300043E2E /* Build configuration list for PBXNativeTarget "KMLZ" */;
			buildPhases = (
				0730989E1A04FDC200043E2E /* Sources */,
				0730989F1A04FDC200043E2E /* Frameworks */,
				073098A01A04FDC200043E2E /* Resources */,
			);
			buildRules = (
			);
			dependencies = (
			);
			name = KMLZ;
			productName = KMLZ;
			productReference = 073098A21A04FDC200043E2E /* KMLZ.app */;
			productType = "com.apple.product-type.application";
		};
		073098BD1A04FDC300043E2E /* KMLZTests */ = {
			isa = PBXNativeTarget;
			buildConfigurationList = 073098CB1A04FDC300043E2E /* Build configuration list for PBXNativeTarget "KMLZTests" */;
			buildPhases = (
				073098BA1A04FDC300043E2E /* Sources */,
				073098BB1A04FDC300043E2E /* Frameworks */,
				073098BC1A04FDC300043E2E /* Resources */,
			);
			buildRules = (
			);
			dependencies = (
				073098C01A04FDC300043E2E /* PBXTargetDependency */,
			);
			name = KMLZTests;
			productName = KMLZTests;
			productReference = 073098BE1A04FDC300043E2E /* KMLZTests.xctest */;
			productType = "com.apple.product-type.bundle.unit-test";
		};
/* End PBXNativeTarget section */

/* Begin PBXProject section */
		0730989A1A04FDC200043E2E /* Project object */ = {
			isa = PBXProject;
			attributes = {
				LastUpgradeCheck = 0610;
				ORGANIZATIONNAME = ERIC;
				TargetAttributes = {
					073098A11A04FDC200043E2E = {
						CreatedOnToolsVersion = 6.1;
						DevelopmentTeam = 97F69R52TF;
					};
					073098BD1A04FDC300043E2E = {
						CreatedOnToolsVersion = 6.1;
						TestTargetID = 073098A11A04FDC200043E2E;
					};
				};
			};
			buildConfigurationList = 0730989D1A04FDC200043E2E /* Build configuration list for PBXProject "KMLZ" */;
			compatibilityVersion = "Xcode 3.2";
			developmentRegion = English;
			hasScannedForEncodings = 0;
			knownRegions = (
				en,
				Base,
			);
			mainGroup = 073098991A04FDC200043E2E;
			productRefGroup = 073098A31A04FDC200043E2E /* Products */;
			projectDirPath = "";
			projectRoot = "";
			targets = (
				073098A11A04FDC200043E2E /* KMLZ */,
				073098BD1A04FDC300043E2E /* KMLZTests */,
			);
		};
/* End PBXProject section */

/* Begin PBXResourcesBuildPhase section */
		073098A01A04FDC200043E2E /* Resources */ = {
			isa = PBXResourcesBuildPhase;
			buildActionMask = 2147483647;
			files = (
				073098B41A04FDC200043E2E /* Main.storyboard in Resources */,
				073098B91A04FDC200043E2E /* LaunchScreen.xib in Resources */,
				073098B61A04FDC200043E2E /* Images.xcassets in Resources */,
				07E5B0DE1A0FB072009E105F /* settingViewController.xib in Resources */,
			);
			runOnlyForDeploymentPostprocessing = 0;
		};
		073098BC1A04FDC300043E2E /* Resources */ = {
			isa = PBXResourcesBuildPhase;
			buildActionMask = 2147483647;
			files = (
			);
			runOnlyForDeploymentPostprocessing = 0;
		};
/* End PBXResourcesBuildPhase section */

/* Begin PBXSourcesBuildPhase section */
		0730989E1A04FDC200043E2E /* Sources */ = {
			isa = PBXSourcesBuildPhase;
			buildActionMask = 2147483647;
			files = (
				073098DA1A05053700043E2E /* KMLZzwk.m in Sources */,
				073099221A05D0BB00043E2E /* kTableViewController.m in Sources */,
				0730991C1A05CE5800043E2E /* KMLZTableViewController.m in Sources */,
				0730992B1A05D54B00043E2E /* KMLZzwl.m in Sources */,
				073099281A05D37C00043E2E /* mTableViewController.m in Sources */,
				07E5B0D91A0E07E4009E105F /* kmlzTableViewCell.m in Sources */,
				073099131A05363600043E2E /* zwViewController.m in Sources */,
				07E5B0DD1A0FB072009E105F /* settingViewController.m in Sources */,
				073099251A05D13800043E2E /* KMLZzwm.m in Sources */,
				073098D71A0504EF00043E2E /* KMLZzw.m in Sources */,
				073098AB1A04FDC200043E2E /* AppDelegate.m in Sources */,
				0730992E1A05D8DD00043E2E /* lTableViewController.m in Sources */,
				0730991F1A05CF8800043E2E /* zTableViewController.m in Sources */,
				073099191A05C98000043E2E /* KMLZzwz.m in Sources */,
				073098A81A04FDC200043E2E /* main.m in Sources */,
			);
			runOnlyForDeploymentPostprocessing = 0;
		};
		073098BA1A04FDC300043E2E /* Sources */ = {
			isa = PBXSourcesBuildPhase;
			buildActionMask = 2147483647;
			files = (
				073098C51A04FDC300043E2E /* KMLZTests.m in Sources */,
			);
			runOnlyForDeploymentPostprocessing = 0;
		};
/* End PBXSourcesBuildPhase section */

/* Begin PBXTargetDependency section */
		073098C01A04FDC300043E2E /* PBXTargetDependency */ = {
			isa = PBXTargetDependency;
			target = 073098A11A04FDC200043E2E /* KMLZ */;
			targetProxy = 073098BF1A04FDC300043E2E /* PBXContainerItemProxy */;
		};
/* End PBXTargetDependency section */

/* Begin PBXVariantGroup section */
		073098B21A04FDC200043E2E /* Main.storyboard */ = {
			isa = PBXVariantGroup;
			children = (
				073098B31A04FDC200043E2E /* Base */,
			);
			name = Main.storyboard;
			sourceTree = "<group>";
		};
		073098B71A04FDC200043E2E /* LaunchScreen.xib */ = {
			isa = PBXVariantGroup;
			children = (
				073098B81A04FDC200043E2E /* Base */,
			);
			name = LaunchScreen.xib;
			sourceTree = "<group>";
		};
/* End PBXVariantGroup section */

/* Begin XCBuildConfiguration section */
		073098C61A04FDC300043E2E /* Debug */ = {
			isa = XCBuildConfiguration;
			buildSettings = {
				ALWAYS_SEARCH_USER_PATHS = NO;
				CLANG_CXX_LANGUAGE_STANDARD = "gnu++0x";
				CLANG_CXX_LIBRARY = "libc++";
				CLANG_ENABLE_MODULES = YES;
				CLANG_ENABLE_OBJC_ARC = YES;
				CLANG_WARN_BOOL_CONVERSION = YES;
				CLANG_WARN_CONSTANT_CONVERSION = YES;
				CLANG_WARN_DIRECT_OBJC_ISA_USAGE = YES_ERROR;
				CLANG_WARN_EMPTY_BODY = YES;
				CLANG_WARN_ENUM_CONVERSION = YES;
				CLANG_WARN_INT_CONVERSION = YES;
				CLANG_WARN_OBJC_ROOT_CLASS = YES_ERROR;
				CLANG_WARN_UNREACHABLE_CODE = YES;
				CLANG_WARN__DUPLICATE_METHOD_MATCH = YES;
				"CODE_SIGN_IDENTITY[sdk=iphoneos*]" = "iPhone Developer";
				COPY_PHASE_STRIP = NO;
				ENABLE_STRICT_OBJC_MSGSEND = YES;
				GCC_C_LANGUAGE_STANDARD = gnu99;
				GCC_DYNAMIC_NO_PIC = NO;
				GCC_OPTIMIZATION_LEVEL = 0;
				GCC_PREPROCESSOR_DEFINITIONS = (
					"DEBUG=1",
					"$(inherited)",
				);
				GCC_SYMBOLS_PRIVATE_EXTERN = NO;
				GCC_WARN_64_TO_32_BIT_CONVERSION = YES;
				GCC_WARN_ABOUT_RETURN_TYPE = YES_ERROR;
				GCC_WARN_UNDECLARED_SELECTOR = YES;
				GCC_WARN_UNINITIALIZED_AUTOS = YES_AGGRESSIVE;
				GCC_WARN_UNUSED_FUNCTION = YES;
				GCC_WARN_UNUSED_VARIABLE = YES;
				IPHONEOS_DEPLOYMENT_TARGET = 8.1;
				MTL_ENABLE_DEBUG_INFO = YES;
				ONLY_ACTIVE_ARCH = YES;
				SDKROOT = iphoneos;
			};
			name = Debug;
		};
		073098C71A04FDC300043E2E /* Release */ = {
			isa = XCBuildConfiguration;
			buildSettings = {
				ALWAYS_SEARCH_USER_PATHS = NO;
				CLANG_CXX_LANGUAGE_STANDARD = "gnu++0x";
				CLANG_CXX_LIBRARY = "libc++";
				CLANG_ENABLE_MODULES = YES;
				CLANG_ENABLE_OBJC_ARC = YES;
				CLANG_WARN_BOOL_CONVERSION = YES;
				CLANG_WARN_CONSTANT_CONVERSION = YES;
				CLANG_WARN_DIRECT_OBJC_ISA_USAGE = YES_ERROR;
				CLANG_WARN_EMPTY_BODY = YES;
				CLANG_WARN_ENUM_CONVERSION = YES;
				CLANG_WARN_INT_CONVERSION = YES;
				CLANG_WARN_OBJC_ROOT_CLASS = YES_ERROR;
				CLANG_WARN_UNREACHABLE_CODE = YES;
				CLANG_WARN__DUPLICATE_METHOD_MATCH = YES;
				"CODE_SIGN_IDENTITY[sdk=iphoneos*]" = "iPhone Developer";
				COPY_PHASE_STRIP = YES;
				ENABLE_NS_ASSERTIONS = NO;
				ENABLE_STRICT_OBJC_MSGSEND = YES;
				GCC_C_LANGUAGE_STANDARD = gnu99;
				GCC_WARN_64_TO_32_BIT_CONVERSION = YES;
				GCC_WARN_ABOUT_RETURN_TYPE = YES_ERROR;
				GCC_WARN_UNDECLARED_SELECTOR = YES;
				GCC_WARN_UNINITIALIZED_AUTOS = YES_AGGRESSIVE;
				GCC_WARN_UNUSED_FUNCTION = YES;
				GCC_WARN_UNUSED_VARIABLE = YES;
				IPHONEOS_DEPLOYMENT_TARGET = 8.1;
				MTL_ENABLE_DEBUG_INFO = NO;
				SDKROOT = iphoneos;
				VALIDATE_PRODUCT = YES;
			};
			name = Release;
		};
		073098C91A04FDC300043E2E /* Debug */ = {
			isa = XCBuildConfiguration;
			buildSettings = {
				ASSETCATALOG_COMPILER_APPICON_NAME = AppIcon;
				CODE_SIGN_IDENTITY = "iPhone Developer";
				"CODE_SIGN_IDENTITY[sdk=iphoneos*]" = "iPhone Developer";
				INFOPLIST_FILE = KMLZ/Info.plist;
				LD_RUNPATH_SEARCH_PATHS = "$(inherited) @executable_path/Frameworks";
				PRODUCT_NAME = "$(TARGET_NAME)";
				PROVISIONING_PROFILE = "";
			};
			name = Debug;
		};
		073098CA1A04FDC300043E2E /* Release */ = {
			isa = XCBuildConfiguration;
			buildSettings = {
				ASSETCATALOG_COMPILER_APPICON_NAME = AppIcon;
				CODE_SIGN_IDENTITY = "iPhone Developer";
				"CODE_SIGN_IDENTITY[sdk=iphoneos*]" = "iPhone Developer";
				INFOPLIST_FILE = KMLZ/Info.plist;
				LD_RUNPATH_SEARCH_PATHS = "$(inherited) @executable_path/Frameworks";
				PRODUCT_NAME = "$(TARGET_NAME)";
				PROVISIONING_PROFILE = "";
			};
			name = Release;
		};
		073098CC1A04FDC300043E2E /* Debug */ = {
			isa = XCBuildConfiguration;
			buildSettings = {
				BUNDLE_LOADER = "$(TEST_HOST)";
				FRAMEWORK_SEARCH_PATHS = (
					"$(SDKROOT)/Developer/Library/Frameworks",
					"$(inherited)",
				);
				GCC_PREPROCESSOR_DEFINITIONS = (
					"DEBUG=1",
					"$(inherited)",
				);
				INFOPLIST_FILE = KMLZTests/Info.plist;
				LD_RUNPATH_SEARCH_PATHS = "$(inherited) @executable_path/Frameworks @loader_path/Frameworks";
				PRODUCT_NAME = "$(TARGET_NAME)";
				TEST_HOST = "$(BUILT_PRODUCTS_DIR)/KMLZ.app/KMLZ";
			};
			name = Debug;
		};
		073098CD1A04FDC300043E2E /* Release */ = {
			isa = XCBuildConfiguration;
			buildSettings = {
				BUNDLE_LOADER = "$(TEST_HOST)";
				FRAMEWORK_SEARCH_PATHS = (
					"$(SDKROOT)/Developer/Library/Frameworks",
					"$(inherited)",
				);
				INFOPLIST_FILE = KMLZTests/Info.plist;
				LD_RUNPATH_SEARCH_PATHS = "$(inherited) @executable_path/Frameworks @loader_path/Frameworks";
				PRODUCT_NAME = "$(TARGET_NAME)";
				TEST_HOST = "$(BUILT_PRODUCTS_DIR)/KMLZ.app/KMLZ";
			};
			name = Release;
		};
/* End XCBuildConfiguration section */

/* Begin XCConfigurationList section */
		0730989D1A04FDC200043E2E /* Build configuration list for PBXProject "KMLZ" */ = {
			isa = XCConfigurationList;
			buildConfigurations = (
				073098C61A04FDC300043E2E /* Debug */,
				073098C71A04FDC300043E2E /* Release */,
			);
			defaultConfigurationIsVisible = 0;
			defaultConfigurationName = Release;
		};
		073098C81A04FDC300043E2E /* Build configuration list for PBXNativeTarget "KMLZ" */ = {
			isa = XCConfigurationList;
			buildConfigurations = (
				073098C91A04FDC300043E2E /* Debug */,
				073098CA1A04FDC300043E2E /* Release */,
			);
			defaultConfigurationIsVisible = 0;
			defaultConfigurationName = Release;
		};
		073098CB1A04FDC300043E2E /* Build configuration list for PBXNativeTarget "KMLZTests" */ = {
			isa = XCConfigurationList;
			buildConfigurations = (
				073098CC1A04FDC300043E2E /* Debug */,
				073098CD1A04FDC300043E2E /* Release */,
			);
			defaultConfigurationIsVisible = 0;
			defaultConfigurationName = Release;
		};
/* End XCConfigurationList section */
	};
	rootObject = 0730989A1A04FDC200043E2E /* Project object */;
}
